// !$*UTF8*$!
{
	archiveVersion = 1;
	classes = {
	};
	objectVersion = 46;
	objects = {

/* Begin PBXBuildFile section */
		36617C131C19F3AB00C5A437 /* AppDelegate.swift in Sources */ = {isa = PBXBuildFile; fileRef = 36617C121C19F3AB00C5A437 /* AppDelegate.swift */; };
		36617C151C19F3AB00C5A437 /* ViewController.swift in Sources */ = {isa = PBXBuildFile; fileRef = 36617C141C19F3AB00C5A437 /* ViewController.swift */; };
		36617C181C19F3AB00C5A437 /* Main.storyboard in Resources */ = {isa = PBXBuildFile; fileRef = 36617C161C19F3AB00C5A437 /* Main.storyboard */; };
		36617C1B1C19F3AB00C5A437 /* HeartCarePatient.xcdatamodeld in Sources */ = {isa = PBXBuildFile; fileRef = 36617C191C19F3AB00C5A437 /* HeartCarePatient.xcdatamodeld */; };
		36617C1D1C19F3AB00C5A437 /* Assets.xcassets in Resources */ = {isa = PBXBuildFile; fileRef = 36617C1C1C19F3AB00C5A437 /* Assets.xcassets */; };
		36617C201C19F3AB00C5A437 /* LaunchScreen.storyboard in Resources */ = {isa = PBXBuildFile; fileRef = 36617C1E1C19F3AB00C5A437 /* LaunchScreen.storyboard */; };
		36617C2B1C19F3AB00C5A437 /* HeartCarePatientTests.swift in Sources */ = {isa = PBXBuildFile; fileRef = 36617C2A1C19F3AB00C5A437 /* HeartCarePatientTests.swift */; };
		36617C361C19F3AB00C5A437 /* HeartCarePatientUITests.swift in Sources */ = {isa = PBXBuildFile; fileRef = 36617C351C19F3AB00C5A437 /* HeartCarePatientUITests.swift */; };
		36617C481C1A288E00C5A437 /* MainPageViewController.swift in Sources */ = {isa = PBXBuildFile; fileRef = 36617C471C1A288E00C5A437 /* MainPageViewController.swift */; };
		9E068A991C1CA61F000D4046 /* HealthKit.framework in Frameworks */ = {isa = PBXBuildFile; fileRef = 9E068A981C1CA61F000D4046 /* HealthKit.framework */; };
		9E068A9C1C1CA8BA000D4046 /* Parse.framework in Frameworks */ = {isa = PBXBuildFile; fileRef = 9E068A9B1C1CA8BA000D4046 /* Parse.framework */; };
		9E068A9E1C1CA8D5000D4046 /* AudioToolbox.framework in Frameworks */ = {isa = PBXBuildFile; fileRef = 9E068A9D1C1CA8D5000D4046 /* AudioToolbox.framework */; };
		9E068AA91C1CA8E0000D4046 /* CFNetwork.framework in Frameworks */ = {isa = PBXBuildFile; fileRef = 9E068A9F1C1CA8E0000D4046 /* CFNetwork.framework */; };
		9E068AAA1C1CA8E0000D4046 /* CoreGraphics.framework in Frameworks */ = {isa = PBXBuildFile; fileRef = 9E068AA01C1CA8E0000D4046 /* CoreGraphics.framework */; };
		9E068AAB1C1CA8E0000D4046 /* CoreLocation.framework in Frameworks */ = {isa = PBXBuildFile; fileRef = 9E068AA11C1CA8E0000D4046 /* CoreLocation.framework */; };
		9E068AAC1C1CA8E0000D4046 /* libsqlite3.tbd in Frameworks */ = {isa = PBXBuildFile; fileRef = 9E068AA21C1CA8E0000D4046 /* libsqlite3.tbd */; };
		9E068AAD1C1CA8E0000D4046 /* libz.tbd in Frameworks */ = {isa = PBXBuildFile; fileRef = 9E068AA31C1CA8E0000D4046 /* libz.tbd */; };
		9E068AAE1C1CA8E0000D4046 /* QuartzCore.framework in Frameworks */ = {isa = PBXBuildFile; fileRef = 9E068AA41C1CA8E0000D4046 /* QuartzCore.framework */; };
		9E068AAF1C1CA8E0000D4046 /* Security.framework in Frameworks */ = {isa = PBXBuildFile; fileRef = 9E068AA51C1CA8E0000D4046 /* Security.framework */; };
		9E068AB01C1CA8E0000D4046 /* StoreKit.framework in Frameworks */ = {isa = PBXBuildFile; fileRef = 9E068AA61C1CA8E0000D4046 /* StoreKit.framework */; };
		9E068AB11C1CA8E0000D4046 /* SystemConfiguration.framework in Frameworks */ = {isa = PBXBuildFile; fileRef = 9E068AA71C1CA8E0000D4046 /* SystemConfiguration.framework */; };
		9E068AB41C1CA938000D4046 /* Bolts.framework in Frameworks */ = {isa = PBXBuildFile; fileRef = 9E068AB31C1CA938000D4046 /* Bolts.framework */; };
		9E068AB61C1CAAFC000D4046 /* SignUpViewController.swift in Sources */ = {isa = PBXBuildFile; fileRef = 9E068AB51C1CAAFC000D4046 /* SignUpViewController.swift */; };
		9E17304B1C34754300CDF3C2 /* ReportsCellViewController.swift in Sources */ = {isa = PBXBuildFile; fileRef = 9E1730491C34754300CDF3C2 /* ReportsCellViewController.swift */; };
		9E17304C1C34754300CDF3C2 /* ReportsCellViewController.xib in Resources */ = {isa = PBXBuildFile; fileRef = 9E17304A1C34754300CDF3C2 /* ReportsCellViewController.xib */; };
		9E17304E1C34778800CDF3C2 /* reportsViewController.swift in Sources */ = {isa = PBXBuildFile; fileRef = 9E17304D1C34778800CDF3C2 /* reportsViewController.swift */; };
		9E2D9D181C1F390E00FE25C9 /* SignUp2ViewController.swift in Sources */ = {isa = PBXBuildFile; fileRef = 9E2D9D171C1F390E00FE25C9 /* SignUp2ViewController.swift */; };
		9E2D9D1A1C1F41F000FE25C9 /* SignUp1ViewController.swift in Sources */ = {isa = PBXBuildFile; fileRef = 9E2D9D191C1F41F000FE25C9 /* SignUp1ViewController.swift */; };
		9E6158C41C288B87003C2D1A /* profileViewController.swift in Sources */ = {isa = PBXBuildFile; fileRef = 9E6158C31C288B87003C2D1A /* profileViewController.swift */; };
		9EC0335C1C1B58DB0018C70F /* SideMenuViewController.swift in Sources */ = {isa = PBXBuildFile; fileRef = 9EC0335B1C1B58DB0018C70F /* SideMenuViewController.swift */; };
		9EDE65B51C358CB500CCB888 /* mViewController.swift in Sources */ = {isa = PBXBuildFile; fileRef = 9EDE65B41C358CB500CCB888 /* mViewController.swift */; };
		9EDE65BD1C358E7F00CCB888 /* SWRevealViewController.m in Sources */ = {isa = PBXBuildFile; fileRef = 9EDE65BC1C358E7F00CCB888 /* SWRevealViewController.m */; };
/* End PBXBuildFile section */

/* Begin PBXContainerItemProxy section */
		36617C271C19F3AB00C5A437 /* PBXContainerItemProxy */ = {
			isa = PBXContainerItemProxy;
			containerPortal = 36617C071C19F3AB00C5A437 /* Project object */;
			proxyType = 1;
			remoteGlobalIDString = 36617C0E1C19F3AB00C5A437;
			remoteInfo = HeartCarePatient;
		};
		36617C321C19F3AB00C5A437 /* PBXContainerItemProxy */ = {
			isa = PBXContainerItemProxy;
			containerPortal = 36617C071C19F3AB00C5A437 /* Project object */;
			proxyType = 1;
			remoteGlobalIDString = 36617C0E1C19F3AB00C5A437;
			remoteInfo = HeartCarePatient;
		};
/* End PBXContainerItemProxy section */

/* Begin PBXFileReference section */
		36617C0F1C19F3AB00C5A437 /* HeartCarePatient.app */ = {isa = PBXFileReference; explicitFileType = wrapper.application; includeInIndex = 0; path = HeartCarePatient.app; sourceTree = BUILT_PRODUCTS_DIR; };
		36617C121C19F3AB00C5A437 /* AppDelegate.swift */ = {isa = PBXFileReference; lastKnownFileType = sourcecode.swift; path = AppDelegate.swift; sourceTree = "<group>"; };
		36617C141C19F3AB00C5A437 /* ViewController.swift */ = {isa = PBXFileReference; lastKnownFileType = sourcecode.swift; path = ViewController.swift; sourceTree = "<group>"; };
		36617C171C19F3AB00C5A437 /* Base */ = {isa = PBXFileReference; lastKnownFileType = file.storyboard; name = Base; path = Base.lproj/Main.storyboard; sourceTree = "<group>"; };
		36617C1A1C19F3AB00C5A437 /* HeartCarePatient.xcdatamodel */ = {isa = PBXFileReference; lastKnownFileType = wrapper.xcdatamodel; path = HeartCarePatient.xcdatamodel; sourceTree = "<group>"; };
		36617C1C1C19F3AB00C5A437 /* Assets.xcassets */ = {isa = PBXFileReference; lastKnownFileType = folder.assetcatalog; path = Assets.xcassets; sourceTree = "<group>"; };
		36617C1F1C19F3AB00C5A437 /* Base */ = {isa = PBXFileReference; lastKnownFileType = file.storyboard; name = Base; path = Base.lproj/LaunchScreen.storyboard; sourceTree = "<group>"; };
		36617C211C19F3AB00C5A437 /* Info.plist */ = {isa = PBXFileReference; lastKnownFileType = text.plist.xml; path = Info.plist; sourceTree = "<group>"; };
		36617C261C19F3AB00C5A437 /* HeartCarePatientTests.xctest */ = {isa = PBXFileReference; explicitFileType = wrapper.cfbundle; includeInIndex = 0; path = HeartCarePatientTests.xctest; sourceTree = BUILT_PRODUCTS_DIR; };
		36617C2A1C19F3AB00C5A437 /* HeartCarePatientTests.swift */ = {isa = PBXFileReference; lastKnownFileType = sourcecode.swift; path = HeartCarePatientTests.swift; sourceTree = "<group>"; };
		36617C2C1C19F3AB00C5A437 /* Info.plist */ = {isa = PBXFileReference; lastKnownFileType = text.plist.xml; path = Info.plist; sourceTree = "<group>"; };
		36617C311C19F3AB00C5A437 /* HeartCarePatientUITests.xctest */ = {isa = PBXFileReference; explicitFileType = wrapper.cfbundle; includeInIndex = 0; path = HeartCarePatientUITests.xctest; sourceTree = BUILT_PRODUCTS_DIR; };
		36617C351C19F3AB00C5A437 /* HeartCarePatientUITests.swift */ = {isa = PBXFileReference; lastKnownFileType = sourcecode.swift; path = HeartCarePatientUITests.swift; sourceTree = "<group>"; };
		36617C371C19F3AB00C5A437 /* Info.plist */ = {isa = PBXFileReference; lastKnownFileType = text.plist.xml; path = Info.plist; sourceTree = "<group>"; };
		36617C471C1A288E00C5A437 /* MainPageViewController.swift */ = {isa = PBXFileReference; fileEncoding = 4; lastKnownFileType = sourcecode.swift; path = MainPageViewController.swift; sourceTree = "<group>"; };
		9E068A981C1CA61F000D4046 /* HealthKit.framework */ = {isa = PBXFileReference; lastKnownFileType = wrapper.framework; name = HealthKit.framework; path = System/Library/Frameworks/HealthKit.framework; sourceTree = SDKROOT; };
		9E068A9A1C1CA61F000D4046 /* HeartCarePatient.entitlements */ = {isa = PBXFileReference; lastKnownFileType = text.xml; path = HeartCarePatient.entitlements; sourceTree = "<group>"; };
		9E068A9B1C1CA8BA000D4046 /* Parse.framework */ = {isa = PBXFileReference; lastKnownFileType = wrapper.framework; path = Parse.framework; sourceTree = SOURCE_ROOT; };
		9E068A9D1C1CA8D5000D4046 /* AudioToolbox.framework */ = {isa = PBXFileReference; lastKnownFileType = wrapper.framework; name = AudioToolbox.framework; path = System/Library/Frameworks/AudioToolbox.framework; sourceTree = SDKROOT; };
		9E068A9F1C1CA8E0000D4046 /* CFNetwork.framework */ = {isa = PBXFileReference; lastKnownFileType = wrapper.framework; name = CFNetwork.framework; path = System/Library/Frameworks/CFNetwork.framework; sourceTree = SDKROOT; };
		9E068AA01C1CA8E0000D4046 /* CoreGraphics.framework */ = {isa = PBXFileReference; lastKnownFileType = wrapper.framework; name = CoreGraphics.framework; path = System/Library/Frameworks/CoreGraphics.framework; sourceTree = SDKROOT; };
		9E068AA11C1CA8E0000D4046 /* CoreLocation.framework */ = {isa = PBXFileReference; lastKnownFileType = wrapper.framework; name = CoreLocation.framework; path = System/Library/Frameworks/CoreLocation.framework; sourceTree = SDKROOT; };
		9E068AA21C1CA8E0000D4046 /* libsqlite3.tbd */ = {isa = PBXFileReference; fileEncoding = 4; lastKnownFileType = "sourcecode.text-based-dylib-definition"; name = libsqlite3.tbd; path = usr/lib/libsqlite3.tbd; sourceTree = SDKROOT; };
		9E068AA31C1CA8E0000D4046 /* libz.tbd */ = {isa = PBXFileReference; fileEncoding = 4; lastKnownFileType = "sourcecode.text-based-dylib-definition"; name = libz.tbd; path = usr/lib/libz.tbd; sourceTree = SDKROOT; };
		9E068AA41C1CA8E0000D4046 /* QuartzCore.framework */ = {isa = PBXFileReference; lastKnownFileType = wrapper.framework; name = QuartzCore.framework; path = System/Library/Frameworks/QuartzCore.framework; sourceTree = SDKROOT; };
		9E068AA51C1CA8E0000D4046 /* Security.framework */ = {isa = PBXFileReference; lastKnownFileType = wrapper.framework; name = Security.framework; path = System/Library/Frameworks/Security.framework; sourceTree = SDKROOT; };
		9E068AA61C1CA8E0000D4046 /* StoreKit.framework */ = {isa = PBXFileReference; lastKnownFileType = wrapper.framework; name = StoreKit.framework; path = System/Library/Frameworks/StoreKit.framework; sourceTree = SDKROOT; };
		9E068AA71C1CA8E0000D4046 /* SystemConfiguration.framework */ = {isa = PBXFileReference; lastKnownFileType = wrapper.framework; name = SystemConfiguration.framework; path = System/Library/Frameworks/SystemConfiguration.framework; sourceTree = SDKROOT; };
		9E068AB31C1CA938000D4046 /* Bolts.framework */ = {isa = PBXFileReference; lastKnownFileType = wrapper.framework; path = Bolts.framework; sourceTree = "<group>"; };
		9E068AB51C1CAAFC000D4046 /* SignUpViewController.swift */ = {isa = PBXFileReference; fileEncoding = 4; lastKnownFileType = sourcecode.swift; path = SignUpViewController.swift; sourceTree = "<group>"; };
		9E1730491C34754300CDF3C2 /* ReportsCellViewController.swift */ = {isa = PBXFileReference; fileEncoding = 4; lastKnownFileType = sourcecode.swift; path = ReportsCellViewController.swift; sourceTree = "<group>"; };
		9E17304A1C34754300CDF3C2 /* ReportsCellViewController.xib */ = {isa = PBXFileReference; fileEncoding = 4; lastKnownFileType = file.xib; path = ReportsCellViewController.xib; sourceTree = "<group>"; };
		9E17304D1C34778800CDF3C2 /* reportsViewController.swift */ = {isa = PBXFileReference; fileEncoding = 4; lastKnownFileType = sourcecode.swift; path = reportsViewController.swift; sourceTree = "<group>"; };
		9E2D9D171C1F390E00FE25C9 /* SignUp2ViewController.swift */ = {isa = PBXFileReference; fileEncoding = 4; lastKnownFileType = sourcecode.swift; path = SignUp2ViewController.swift; sourceTree = "<group>"; };
		9E2D9D191C1F41F000FE25C9 /* SignUp1ViewController.swift */ = {isa = PBXFileReference; fileEncoding = 4; lastKnownFileType = sourcecode.swift; path = SignUp1ViewController.swift; sourceTree = "<group>"; };
		9E6158C31C288B87003C2D1A /* profileViewController.swift */ = {isa = PBXFileReference; fileEncoding = 4; lastKnownFileType = sourcecode.swift; path = profileViewController.swift; sourceTree = "<group>"; };
		9EC0335B1C1B58DB0018C70F /* SideMenuViewController.swift */ = {isa = PBXFileReference; fileEncoding = 4; lastKnownFileType = sourcecode.swift; path = SideMenuViewController.swift; sourceTree = "<group>"; };
		9EDE65B41C358CB500CCB888 /* mViewController.swift */ = {isa = PBXFileReference; fileEncoding = 4; lastKnownFileType = sourcecode.swift; path = mViewController.swift; sourceTree = "<group>"; };
		9EDE65B91C358DA600CCB888 /* SidebarMenu-Bridging- Header.h */ = {isa = PBXFileReference; fileEncoding = 4; lastKnownFileType = sourcecode.c.h; path = "SidebarMenu-Bridging- Header.h"; sourceTree = "<group>"; };
		9EDE65BA1C358E7F00CCB888 /* HeartCarePatient-Bridging-Header.h */ = {isa = PBXFileReference; lastKnownFileType = sourcecode.c.h; path = "HeartCarePatient-Bridging-Header.h"; sourceTree = "<group>"; };
		9EDE65BB1C358E7F00CCB888 /* SWRevealViewController.h */ = {isa = PBXFileReference; fileEncoding = 4; lastKnownFileType = sourcecode.c.h; path = SWRevealViewController.h; sourceTree = "<group>"; };
		9EDE65BC1C358E7F00CCB888 /* SWRevealViewController.m */ = {isa = PBXFileReference; fileEncoding = 4; lastKnownFileType = sourcecode.c.objc; path = SWRevealViewController.m; sourceTree = "<group>"; };
/* End PBXFileReference section */

/* Begin PBXFrameworksBuildPhase section */
		36617C0C1C19F3AB00C5A437 /* Frameworks */ = {
			isa = PBXFrameworksBuildPhase;
			buildActionMask = 2147483647;
			files = (
				9E068AAB1C1CA8E0000D4046 /* CoreLocation.framework in Frameworks */,
				9E068AAD1C1CA8E0000D4046 /* libz.tbd in Frameworks */,
				9E068A9C1C1CA8BA000D4046 /* Parse.framework in Frameworks */,
				9E068AAC1C1CA8E0000D4046 /* libsqlite3.tbd in Frameworks */,
				9E068A991C1CA61F000D4046 /* HealthKit.framework in Frameworks */,
				9E068AA91C1CA8E0000D4046 /* CFNetwork.framework in Frameworks */,
				9E068AAF1C1CA8E0000D4046 /* Security.framework in Frameworks */,
				9E068AB41C1CA938000D4046 /* Bolts.framework in Frameworks */,
				9E068AAA1C1CA8E0000D4046 /* CoreGraphics.framework in Frameworks */,
				9E068A9E1C1CA8D5000D4046 /* AudioToolbox.framework in Frameworks */,
				9E068AAE1C1CA8E0000D4046 /* QuartzCore.framework in Frameworks */,
				9E068AB11C1CA8E0000D4046 /* SystemConfiguration.framework in Frameworks */,
				9E068AB01C1CA8E0000D4046 /* StoreKit.framework in Frameworks */,
			);
			runOnlyForDeploymentPostprocessing = 0;
		};
		36617C231C19F3AB00C5A437 /* Frameworks */ = {
			isa = PBXFrameworksBuildPhase;
			buildActionMask = 2147483647;
			files = (
			);
			runOnlyForDeploymentPostprocessing = 0;
		};
		36617C2E1C19F3AB00C5A437 /* Frameworks */ = {
			isa = PBXFrameworksBuildPhase;
			buildActionMask = 2147483647;
			files = (
			);
			runOnlyForDeploymentPostprocessing = 0;
		};
/* End PBXFrameworksBuildPhase section */

/* Begin PBXGroup section */
		36617C061C19F3AB00C5A437 = {
			isa = PBXGroup;
			children = (
				9EDE65B91C358DA600CCB888 /* SidebarMenu-Bridging- Header.h */,
				9E068AB31C1CA938000D4046 /* Bolts.framework */,
				9E068A9F1C1CA8E0000D4046 /* CFNetwork.framework */,
				9E068AA01C1CA8E0000D4046 /* CoreGraphics.framework */,
				9E068AA11C1CA8E0000D4046 /* CoreLocation.framework */,
				9E068AA21C1CA8E0000D4046 /* libsqlite3.tbd */,
				9E068AA31C1CA8E0000D4046 /* libz.tbd */,
				9E068AA41C1CA8E0000D4046 /* QuartzCore.framework */,
				9E068AA51C1CA8E0000D4046 /* Security.framework */,
				9E068AA61C1CA8E0000D4046 /* StoreKit.framework */,
				9E068AA71C1CA8E0000D4046 /* SystemConfiguration.framework */,
				9E068A9D1C1CA8D5000D4046 /* AudioToolbox.framework */,
				9E068A9B1C1CA8BA000D4046 /* Parse.framework */,
				9E068A981C1CA61F000D4046 /* HealthKit.framework */,
				36617C111C19F3AB00C5A437 /* HeartCarePatient */,
				36617C291C19F3AB00C5A437 /* HeartCarePatientTests */,
				36617C341C19F3AB00C5A437 /* HeartCarePatientUITests */,
				36617C101C19F3AB00C5A437 /* Products */,
			);
			sourceTree = "<group>";
		};
		36617C101C19F3AB00C5A437 /* Products */ = {
			isa = PBXGroup;
			children = (
				36617C0F1C19F3AB00C5A437 /* HeartCarePatient.app */,
				36617C261C19F3AB00C5A437 /* HeartCarePatientTests.xctest */,
				36617C311C19F3AB00C5A437 /* HeartCarePatientUITests.xctest */,
			);
			name = Products;
			sourceTree = "<group>";
		};
		36617C111C19F3AB00C5A437 /* HeartCarePatient */ = {
			isa = PBXGroup;
			children = (
				9EDE65BE1C358ED000CCB888 /* swre */,
				9E068A9A1C1CA61F000D4046 /* HeartCarePatient.entitlements */,
				9E1730491C34754300CDF3C2 /* ReportsCellViewController.swift */,
				9E17304A1C34754300CDF3C2 /* ReportsCellViewController.xib */,
				36617C121C19F3AB00C5A437 /* AppDelegate.swift */,
				36617C141C19F3AB00C5A437 /* ViewController.swift */,
				36617C161C19F3AB00C5A437 /* Main.storyboard */,
				9EDE65B41C358CB500CCB888 /* mViewController.swift */,
				9E17304D1C34778800CDF3C2 /* reportsViewController.swift */,
				9E6158C31C288B87003C2D1A /* profileViewController.swift */,
				9EC0335B1C1B58DB0018C70F /* SideMenuViewController.swift */,
				36617C471C1A288E00C5A437 /* MainPageViewController.swift */,
				9E2D9D191C1F41F000FE25C9 /* SignUp1ViewController.swift */,
				9E2D9D171C1F390E00FE25C9 /* SignUp2ViewController.swift */,
				9E068AB51C1CAAFC000D4046 /* SignUpViewController.swift */,
				36617C1C1C19F3AB00C5A437 /* Assets.xcassets */,
				36617C1E1C19F3AB00C5A437 /* LaunchScreen.storyboard */,
				36617C211C19F3AB00C5A437 /* Info.plist */,
				36617C191C19F3AB00C5A437 /* HeartCarePatient.xcdatamodeld */,
			);
			path = HeartCarePatient;
			sourceTree = "<group>";
		};
		36617C291C19F3AB00C5A437 /* HeartCarePatientTests */ = {
			isa = PBXGroup;
			children = (
				36617C2A1C19F3AB00C5A437 /* HeartCarePatientTests.swift */,
				36617C2C1C19F3AB00C5A437 /* Info.plist */,
			);
			path = HeartCarePatientTests;
			sourceTree = "<group>";
		};
		36617C341C19F3AB00C5A437 /* HeartCarePatientUITests */ = {
			isa = PBXGroup;
			children = (
				36617C351C19F3AB00C5A437 /* HeartCarePatientUITests.swift */,
				36617C371C19F3AB00C5A437 /* Info.plist */,
			);
			path = HeartCarePatientUITests;
			sourceTree = "<group>";
		};
		9EDE65BE1C358ED000CCB888 /* swre */ = {
			isa = PBXGroup;
			children = (
				9EDE65BB1C358E7F00CCB888 /* SWRevealViewController.h */,
				9EDE65BC1C358E7F00CCB888 /* SWRevealViewController.m */,
				9EDE65BA1C358E7F00CCB888 /* HeartCarePatient-Bridging-Header.h */,
			);
			name = swre;
			sourceTree = "<group>";
		};
/* End PBXGroup section */

/* Begin PBXNativeTarget section */
		36617C0E1C19F3AB00C5A437 /* HeartCarePatient */ = {
			isa = PBXNativeTarget;
			buildConfigurationList = 36617C3A1C19F3AB00C5A437 /* Build configuration list for PBXNativeTarget "HeartCarePatient" */;
			buildPhases = (
				36617C0B1C19F3AB00C5A437 /* Sources */,
				36617C0C1C19F3AB00C5A437 /* Frameworks */,
				36617C0D1C19F3AB00C5A437 /* Resources */,
			);
			buildRules = (
			);
			dependencies = (
			);
			name = HeartCarePatient;
			productName = HeartCarePatient;
			productReference = 36617C0F1C19F3AB00C5A437 /* HeartCarePatient.app */;
			productType = "com.apple.product-type.application";
		};
		36617C251C19F3AB00C5A437 /* HeartCarePatientTests */ = {
			isa = PBXNativeTarget;
			buildConfigurationList = 36617C3D1C19F3AB00C5A437 /* Build configuration list for PBXNativeTarget "HeartCarePatientTests" */;
			buildPhases = (
				36617C221C19F3AB00C5A437 /* Sources */,
				36617C231C19F3AB00C5A437 /* Frameworks */,
				36617C241C19F3AB00C5A437 /* Resources */,
			);
			buildRules = (
			);
			dependencies = (
				36617C281C19F3AB00C5A437 /* PBXTargetDependency */,
			);
			name = HeartCarePatientTests;
			productName = HeartCarePatientTests;
			productReference = 36617C261C19F3AB00C5A437 /* HeartCarePatientTests.xctest */;
			productType = "com.apple.product-type.bundle.unit-test";
		};
		36617C301C19F3AB00C5A437 /* HeartCarePatientUITests */ = {
			isa = PBXNativeTarget;
			buildConfigurationList = 36617C401C19F3AB00C5A437 /* Build configuration list for PBXNativeTarget "HeartCarePatientUITests" */;
			buildPhases = (
				36617C2D1C19F3AB00C5A437 /* Sources */,
				36617C2E1C19F3AB00C5A437 /* Frameworks */,
				36617C2F1C19F3AB00C5A437 /* Resources */,
			);
			buildRules = (
			);
			dependencies = (
				36617C331C19F3AB00C5A437 /* PBXTargetDependency */,
			);
			name = HeartCarePatientUITests;
			productName = HeartCarePatientUITests;
			productReference = 36617C311C19F3AB00C5A437 /* HeartCarePatientUITests.xctest */;
			productType = "com.apple.product-type.bundle.ui-testing";
		};
/* End PBXNativeTarget section */

/* Begin PBXProject section */
		36617C071C19F3AB00C5A437 /* Project object */ = {
			isa = PBXProject;
			attributes = {
				LastSwiftUpdateCheck = 0720;
				LastUpgradeCheck = 0710;
				ORGANIZATIONNAME = Hiso3D;
				TargetAttributes = {
					36617C0E1C19F3AB00C5A437 = {
						CreatedOnToolsVersion = 7.1.1;
						DevelopmentTeam = FZFRKGPX25;
						SystemCapabilities = {
							com.apple.HealthKit = {
								enabled = 1;
							};
						};
					};
					36617C251C19F3AB00C5A437 = {
						CreatedOnToolsVersion = 7.1.1;
						DevelopmentTeam = FZFRKGPX25;
						TestTargetID = 36617C0E1C19F3AB00C5A437;
					};
					36617C301C19F3AB00C5A437 = {
						CreatedOnToolsVersion = 7.1.1;
						DevelopmentTeam = FZFRKGPX25;
						TestTargetID = 36617C0E1C19F3AB00C5A437;
					};
				};
			};
			buildConfigurationList = 36617C0A1C19F3AB00C5A437 /* Build configuration list for PBXProject "HeartCarePatient" */;
			compatibilityVersion = "Xcode 3.2";
			developmentRegion = English;
			hasScannedForEncodings = 0;
			knownRegions = (
				en,
				Base,
			);
			mainGroup = 36617C061C19F3AB00C5A437;
			productRefGroup = 36617C101C19F3AB00C5A437 /* Products */;
			projectDirPath = "";
			projectRoot = "";
			targets = (
				36617C0E1C19F3AB00C5A437 /* HeartCarePatient */,
				36617C251C19F3AB00C5A437 /* HeartCarePatientTests */,
				36617C301C19F3AB00C5A437 /* HeartCarePatientUITests */,
			);
		};
/* End PBXProject section */

/* Begin PBXResourcesBuildPhase section */
		36617C0D1C19F3AB00C5A437 /* Resources */ = {
			isa = PBXResourcesBuildPhase;
			buildActionMask = 2147483647;
			files = (
				9E17304C1C34754300CDF3C2 /* ReportsCellViewController.xib in Resources */,
				36617C201C19F3AB00C5A437 /* LaunchScreen.storyboard in Resources */,
				36617C1D1C19F3AB00C5A437 /* Assets.xcassets in Resources */,
				36617C181C19F3AB00C5A437 /* Main.storyboard in Resources */,
			);
			runOnlyForDeploymentPostprocessing = 0;
		};
		36617C241C19F3AB00C5A437 /* Resources */ = {
			isa = PBXResourcesBuildPhase;
			buildActionMask = 2147483647;
			files = (
			);
			runOnlyForDeploymentPostprocessing = 0;
		};
		36617C2F1C19F3AB00C5A437 /* Resources */ = {
			isa = PBXResourcesBuildPhase;
			buildActionMask = 2147483647;
			files = (
			);
			runOnlyForDeploymentPostprocessing = 0;
		};
/* End PBXResourcesBuildPhase section */

/* Begin PBXSourcesBuildPhase section */
		36617C0B1C19F3AB00C5A437 /* Sources */ = {
			isa = PBXSourcesBuildPhase;
			buildActionMask = 2147483647;
			files = (
				9EDE65BD1C358E7F00CCB888 /* SWRevealViewController.m in Sources */,
				9EDE65B51C358CB500CCB888 /* mViewController.swift in Sources */,
				9E068AB61C1CAAFC000D4046 /* SignUpViewController.swift in Sources */,
				36617C481C1A288E00C5A437 /* MainPageViewController.swift in Sources */,
				9E17304B1C34754300CDF3C2 /* ReportsCellViewController.swift in Sources */,
				36617C1B1C19F3AB00C5A437 /* HeartCarePatient.xcdatamodeld in Sources */,
				36617C151C19F3AB00C5A437 /* ViewController.swift in Sources */,
				9E2D9D1A1C1F41F000FE25C9 /* SignUp1ViewController.swift in Sources */,
				9E17304E1C34778800CDF3C2 /* reportsViewController.swift in Sources */,
				9EC0335C1C1B58DB0018C70F /* SideMenuViewController.swift in Sources */,
				9E2D9D181C1F390E00FE25C9 /* SignUp2ViewController.swift in Sources */,
				9E6158C41C288B87003C2D1A /* profileViewController.swift in Sources */,
				36617C131C19F3AB00C5A437 /* AppDelegate.swift in Sources */,
			);
			runOnlyForDeploymentPostprocessing = 0;
		};
		36617C221C19F3AB00C5A437 /* Sources */ = {
			isa = PBXSourcesBuildPhase;
			buildActionMask = 2147483647;
			files = (
				36617C2B1C19F3AB00C5A437 /* HeartCarePatientTests.swift in Sources */,
			);
			runOnlyForDeploymentPostprocessing = 0;
		};
		36617C2D1C19F3AB00C5A437 /* Sources */ = {
			isa = PBXSourcesBuildPhase;
			buildActionMask = 2147483647;
			files = (
				36617C361C19F3AB00C5A437 /* HeartCarePatientUITests.swift in Sources */,
			);
			runOnlyForDeploymentPostprocessing = 0;
		};
/* End PBXSourcesBuildPhase section */

/* Begin PBXTargetDependency section */
		36617C281C19F3AB00C5A437 /* PBXTargetDependency */ = {
			isa = PBXTargetDependency;
			target = 36617C0E1C19F3AB00C5A437 /* HeartCarePatient */;
			targetProxy = 36617C271C19F3AB00C5A437 /* PBXContainerItemProxy */;
		};
		36617C331C19F3AB00C5A437 /* PBXTargetDependency */ = {
			isa = PBXTargetDependency;
			target = 36617C0E1C19F3AB00C5A437 /* HeartCarePatient */;
			targetProxy = 36617C321C19F3AB00C5A437 /* PBXContainerItemProxy */;
		};
/* End PBXTargetDependency section */

/* Begin PBXVariantGroup section */
		36617C161C19F3AB00C5A437 /* Main.storyboard */ = {
			isa = PBXVariantGroup;
			children = (
				36617C171C19F3AB00C5A437 /* Base */,
			);
			name = Main.storyboard;
			sourceTree = "<group>";
		};
		36617C1E1C19F3AB00C5A437 /* LaunchScreen.storyboard */ = {
			isa = PBXVariantGroup;
			children = (
				36617C1F1C19F3AB00C5A437 /* Base */,
			);
			name = LaunchScreen.storyboard;
			sourceTree = "<group>";
		};
/* End PBXVariantGroup section */

/* Begin XCBuildConfiguration section */
		36617C381C19F3AB00C5A437 /* Debug */ = {
			isa = XCBuildConfiguration;
			buildSettings = {
				ALWAYS_SEARCH_USER_PATHS = NO;
				CLANG_CXX_LANGUAGE_STANDARD = "gnu++0x";
				CLANG_CXX_LIBRARY = "libc++";
				CLANG_ENABLE_MODULES = YES;
				CLANG_ENABLE_OBJC_ARC = YES;
				CLANG_WARN_BOOL_CONVERSION = YES;
				CLANG_WARN_CONSTANT_CONVERSION = YES;
				CLANG_WARN_DIRECT_OBJC_ISA_USAGE = YES_ERROR;
				CLANG_WARN_EMPTY_BODY = YES;
				CLANG_WARN_ENUM_CONVERSION = YES;
				CLANG_WARN_INT_CONVERSION = YES;
				CLANG_WARN_OBJC_ROOT_CLASS = YES_ERROR;
				CLANG_WARN_UNREACHABLE_CODE = YES;
				CLANG_WARN__DUPLICATE_METHOD_MATCH = YES;
				"CODE_SIGN_IDENTITY[sdk=iphoneos*]" = "iPhone Developer";
				COPY_PHASE_STRIP = NO;
				DEBUG_INFORMATION_FORMAT = dwarf;
				ENABLE_STRICT_OBJC_MSGSEND = YES;
				ENABLE_TESTABILITY = YES;
				GCC_C_LANGUAGE_STANDARD = gnu99;
				GCC_DYNAMIC_NO_PIC = NO;
				GCC_NO_COMMON_BLOCKS = YES;
				GCC_OPTIMIZATION_LEVEL = 0;
				GCC_PREPROCESSOR_DEFINITIONS = (
					"DEBUG=1",
					"$(inherited)",
				);
				GCC_WARN_64_TO_32_BIT_CONVERSION = YES;
				GCC_WARN_ABOUT_RETURN_TYPE = YES_ERROR;
				GCC_WARN_UNDECLARED_SELECTOR = YES;
				GCC_WARN_UNINITIALIZED_AUTOS = YES_AGGRESSIVE;
				GCC_WARN_UNUSED_FUNCTION = YES;
				GCC_WARN_UNUSED_VARIABLE = YES;
				IPHONEOS_DEPLOYMENT_TARGET = 9.1;
				MTL_ENABLE_DEBUG_INFO = YES;
				ONLY_ACTIVE_ARCH = YES;
				SDKROOT = iphoneos;
				SWIFT_OPTIMIZATION_LEVEL = "-Onone";
			};
			name = Debug;
		};
		36617C391C19F3AB00C5A437 /* Release */ = {
			isa = XCBuildConfiguration;
			buildSettings = {
				ALWAYS_SEARCH_USER_PATHS = NO;
				CLANG_CXX_LANGUAGE_STANDARD = "gnu++0x";
				CLANG_CXX_LIBRARY = "libc++";
				CLANG_ENABLE_MODULES = YES;
				CLANG_ENABLE_OBJC_ARC = YES;
				CLANG_WARN_BOOL_CONVERSION = YES;
				CLANG_WARN_CONSTANT_CONVERSION = YES;
				CLANG_WARN_DIRECT_OBJC_ISA_USAGE = YES_ERROR;
				CLANG_WARN_EMPTY_BODY = YES;
				CLANG_WARN_ENUM_CONVERSION = YES;
				CLANG_WARN_INT_CONVERSION = YES;
				CLANG_WARN_OBJC_ROOT_CLASS = YES_ERROR;
				CLANG_WARN_UNREACHABLE_CODE = YES;
				CLANG_WARN__DUPLICATE_METHOD_MATCH = YES;
				"CODE_SIGN_IDENTITY[sdk=iphoneos*]" = "iPhone Developer";
				COPY_PHASE_STRIP = NO;
				DEBUG_INFORMATION_FORMAT = "dwarf-with-dsym";
				ENABLE_NS_ASSERTIONS = NO;
				ENABLE_STRICT_OBJC_MSGSEND = YES;
				GCC_C_LANGUAGE_STANDARD = gnu99;
				GCC_NO_COMMON_BLOCKS = YES;
				GCC_WARN_64_TO_32_BIT_CONVERSION = YES;
				GCC_WARN_ABOUT_RETURN_TYPE = YES_ERROR;
				GCC_WARN_UNDECLARED_SELECTOR = YES;
				GCC_WARN_UNINITIALIZED_AUTOS = YES_AGGRESSIVE;
				GCC_WARN_UNUSED_FUNCTION = YES;
				GCC_WARN_UNUSED_VARIABLE = YES;
				IPHONEOS_DEPLOYMENT_TARGET = 9.1;
				MTL_ENABLE_DEBUG_INFO = NO;
				SDKROOT = iphoneos;
				VALIDATE_PRODUCT = YES;
			};
			name = Release;
		};
		36617C3B1C19F3AB00C5A437 /* Debug */ = {
			isa = XCBuildConfiguration;
			buildSettings = {
				ASSETCATALOG_COMPILER_APPICON_NAME = AppIcon;
				CLANG_ENABLE_MODULES = YES;
				CODE_SIGN_ENTITLEMENTS = HeartCarePatient/HeartCarePatient.entitlements;
				CODE_SIGN_IDENTITY = "iPhone Developer";
				"CODE_SIGN_IDENTITY[sdk=iphoneos*]" = "iPhone Developer";
				FRAMEWORK_SEARCH_PATHS = (
					"$(inherited)",
					"$(PROJECT_DIR)",
				);
				INFOPLIST_FILE = HeartCarePatient/Info.plist;
				IPHONEOS_DEPLOYMENT_TARGET = 9.2;
				LD_RUNPATH_SEARCH_PATHS = "$(inherited) @executable_path/Frameworks";
				PRODUCT_BUNDLE_IDENTIFIER = Hiso3D.HeartCarePatient;
				PRODUCT_NAME = "$(TARGET_NAME)";
				PROVISIONING_PROFILE = "";
				SWIFT_OBJC_BRIDGING_HEADER = "HeartCarePatient/HeartCarePatient-Bridging-Header.h";
				SWIFT_OPTIMIZATION_LEVEL = "-Onone";
			};
			name = Debug;
		};
		36617C3C1C19F3AB00C5A437 /* Release */ = {
			isa = XCBuildConfiguration;
			buildSettings = {
				ASSETCATALOG_COMPILER_APPICON_NAME = AppIcon;
				CLANG_ENABLE_MODULES = YES;
				CODE_SIGN_ENTITLEMENTS = HeartCarePatient/HeartCarePatient.entitlements;
				CODE_SIGN_IDENTITY = "iPhone Developer";
				"CODE_SIGN_IDENTITY[sdk=iphoneos*]" = "iPhone Developer";
				FRAMEWORK_SEARCH_PATHS = (
					"$(inherited)",
					"$(PROJECT_DIR)",
				);
				INFOPLIST_FILE = HeartCarePatient/Info.plist;
				IPHONEOS_DEPLOYMENT_TARGET = 9.2;
				LD_RUNPATH_SEARCH_PATHS = "$(inherited) @executable_path/Frameworks";
				PRODUCT_BUNDLE_IDENTIFIER = Hiso3D.HeartCarePatient;
				PRODUCT_NAME = "$(TARGET_NAME)";
				PROVISIONING_PROFILE = "";
				SWIFT_OBJC_BRIDGING_HEADER = "HeartCarePatient/HeartCarePatient-Bridging-Header.h";
			};
			name = Release;
		};
		36617C3E1C19F3AB00C5A437 /* Debug */ = {
			isa = XCBuildConfiguration;
			buildSettings = {
				BUNDLE_LOADER = "$(TEST_HOST)";
				INFOPLIST_FILE = HeartCarePatientTests/Info.plist;
				LD_RUNPATH_SEARCH_PATHS = "$(inherited) @executable_path/Frameworks @loader_path/Frameworks";
				PRODUCT_BUNDLE_IDENTIFIER = Hiso3D.HeartCarePatientTests;
				PRODUCT_NAME = "$(TARGET_NAME)";
				TEST_HOST = "$(BUILT_PRODUCTS_DIR)/HeartCarePatient.app/HeartCarePatient";
			};
			name = Debug;
		};
		36617C3F1C19F3AB00C5A437 /* Release */ = {
			isa = XCBuildConfiguration;
			buildSettings = {
				BUNDLE_LOADER = "$(TEST_HOST)";
				INFOPLIST_FILE = HeartCarePatientTests/Info.plist;
				LD_RUNPATH_SEARCH_PATHS = "$(inherited) @executable_path/Frameworks @loader_path/Frameworks";
				PRODUCT_BUNDLE_IDENTIFIER = Hiso3D.HeartCarePatientTests;
				PRODUCT_NAME = "$(TARGET_NAME)";
				TEST_HOST = "$(BUILT_PRODUCTS_DIR)/HeartCarePatient.app/HeartCarePatient";
			};
			name = Release;
		};
		36617C411C19F3AB00C5A437 /* Debug */ = {
			isa = XCBuildConfiguration;
			buildSettings = {
				INFOPLIST_FILE = HeartCarePatientUITests/Info.plist;
				LD_RUNPATH_SEARCH_PATHS = "$(inherited) @executable_path/Frameworks @loader_path/Frameworks";
				PRODUCT_BUNDLE_IDENTIFIER = Hiso3D.HeartCarePatientUITests;
				PRODUCT_NAME = "$(TARGET_NAME)";
				TEST_TARGET_NAME = HeartCarePatient;
				USES_XCTRUNNER = YES;
			};
			name = Debug;
		};
		36617C421C19F3AB00C5A437 /* Release */ = {
			isa = XCBuildConfiguration;
			buildSettings = {
				INFOPLIST_FILE = HeartCarePatientUITests/Info.plist;
				LD_RUNPATH_SEARCH_PATHS = "$(inherited) @executable_path/Frameworks @loader_path/Frameworks";
				PRODUCT_BUNDLE_IDENTIFIER = Hiso3D.HeartCarePatientUITests;
				PRODUCT_NAME = "$(TARGET_NAME)";
				TEST_TARGET_NAME = HeartCarePatient;
				USES_XCTRUNNER = YES;
			};
			name = Release;
		};
/* End XCBuildConfiguration section */

/* Begin XCConfigurationList section */
		36617C0A1C19F3AB00C5A437 /* Build configuration list for PBXProject "HeartCarePatient" */ = {
			isa = XCConfigurationList;
			buildConfigurations = (
				36617C381C19F3AB00C5A437 /* Debug */,
				36617C391C19F3AB00C5A437 /* Release */,
			);
			defaultConfigurationIsVisible = 0;
			defaultConfigurationName = Release;
		};
		36617C3A1C19F3AB00C5A437 /* Build configuration list for PBXNativeTarget "HeartCarePatient" */ = {
			isa = XCConfigurationList;
			buildConfigurations = (
				36617C3B1C19F3AB00C5A437 /* Debug */,
				36617C3C1C19F3AB00C5A437 /* Release */,
			);
			defaultConfigurationIsVisible = 0;
			defaultConfigurationName = Release;
		};
		36617C3D1C19F3AB00C5A437 /* Build configuration list for PBXNativeTarget "HeartCarePatientTests" */ = {
			isa = XCConfigurationList;
			buildConfigurations = (
				36617C3E1C19F3AB00C5A437 /* Debug */,
				36617C3F1C19F3AB00C5A437 /* Release */,
			);
			defaultConfigurationIsVisible = 0;
			defaultConfigurationName = Release;
		};
		36617C401C19F3AB00C5A437 /* Build configuration list for PBXNativeTarget "HeartCarePatientUITests" */ = {
			isa = XCConfigurationList;
			buildConfigurations = (
				36617C411C19F3AB00C5A437 /* Debug */,
				36617C421C19F3AB00C5A437 /* Release */,
			);
			defaultConfigurationIsVisible = 0;
			defaultConfigurationName = Release;
		};
/* End XCConfigurationList section */

/* Begin XCVersionGroup section */
		36617C191C19F3AB00C5A437 /* HeartCarePatient.xcdatamodeld */ = {
			isa = XCVersionGroup;
			children = (
				36617C1A1C19F3AB00C5A437 /* HeartCarePatient.xcdatamodel */,
			);
			currentVersion = 36617C1A1C19F3AB00C5A437 /* HeartCarePatient.xcdatamodel */;
			path = HeartCarePatient.xcdatamodeld;
			sourceTree = "<group>";
			versionGroupType = wrapper.xcdatamodel;
		};
/* End XCVersionGroup section */
	};
	rootObject = 36617C071C19F3AB00C5A437 /* Project object */;
}
